
Microsoft Visual Studio Solution File, Format Version 12.00
# Visual Studio Version 16
VisualStudioVersion = 16.0.33328.57
MinimumVisualStudioVersion = 10.0.40219.1
Project("{FAE04EC0-301F-11D3-BF4B-00C04F79EFBC}") = "Testing resuse pt2", "Testing resuse pt2.csproj", "{1EC03CD5-9BB9-4D17-8A66-2A8F30EA330E}"
EndProject
Global
	GlobalSection(SolutionConfigurationPlatforms) = preSolution
		Debug|Any CPU = Debug|Any CPU
		Release|Any CPU = Release|Any CPU
	EndGlobalSection
	GlobalSection(ProjectConfigurationPlatforms) = postSolution
		{1EC03CD5-9BB9-4D17-8A66-2A8F30EA330E}.Debug|Any CPU.ActiveCfg = Debug|Any CPU
		{1EC03CD5-9BB9-4D17-8A66-2A8F30EA330E}.Debug|Any CPU.Build.0 = Debug|Any CPU
		{1EC03CD5-9BB9-4D17-8A66-2A8F30EA330E}.Release|Any CPU.ActiveCfg = Release|Any CPU
		{1EC03CD5-9BB9-4D17-8A66-2A8F30EA330E}.Release|Any CPU.Build.0 = Release|Any CPU
	EndGlobalSection
	GlobalSection(SolutionProperties) = preSolution
		HideSolutionNode = FALSE
	EndGlobalSection
	GlobalSection(ExtensibilityGlobals) = postSolution
		SolutionGuid = {F742F4BE-9923-4278-9F35-57A5DF9A204D}
	EndGlobalSection
EndGlobal
